<?xml version="1.0" encoding="utf-8"?>
<Project ToolsVersion="4.0" xmlns="http://schemas.microsoft.com/developer/msbuild/2003">
  <ItemGroup>
    <Filter Include="Library">
      <UniqueIdentifier>{d5173dcf-2786-4f98-bd55-d03549637dfe}</UniqueIdentifier>
    </Filter>
    <Filter Include="Src">
      <UniqueIdentifier>{80d0a5a9-6779-4863-bede-cc22a4986dc5}</UniqueIdentifier>
    </Filter>
    <Filter Include="Src\System">
      <UniqueIdentifier>{f5928314-3ee2-4e39-abfa-d93aa9ee5891}</UniqueIdentifier>
    </Filter>
    <Filter Include="Src\System\Direct3D">
      <UniqueIdentifier>{f193abd5-e51c-466e-a937-722bc9175e9a}</UniqueIdentifier>
    </Filter>
    <Filter Include="Src\System\Utility">
      <UniqueIdentifier>{f5d733b1-5031-4659-a9d4-0dd3add1e5fb}</UniqueIdentifier>
    </Filter>
    <Filter Include="Src\System\Window">
      <UniqueIdentifier>{cb022f2a-c5a2-449b-9b70-5110aff8550f}</UniqueIdentifier>
    </Filter>
    <Filter Include="Library\imgui">
      <UniqueIdentifier>{85e2ada7-3d34-4892-b70a-8b9a433f7438}</UniqueIdentifier>
    </Filter>
    <Filter Include="Library\tinygltf">
      <UniqueIdentifier>{307bfbcd-124f-4ad7-85f5-3fd94f814b1f}</UniqueIdentifier>
    </Filter>
    <Filter Include="Src\System\Shader">
      <UniqueIdentifier>{93543c0c-58fe-4a94-8279-7be3021b65b1}</UniqueIdentifier>
    </Filter>
    <Filter Include="Src\System\Shader\EffectShader">
      <UniqueIdentifier>{3ed945a9-befa-4db2-b780-7714e82626ed}</UniqueIdentifier>
    </Filter>
    <Filter Include="Src\System\Shader\SpriteShader">
      <UniqueIdentifier>{2da4d471-f4e8-4b2d-bdef-b93f91523b8b}</UniqueIdentifier>
    </Filter>
    <Filter Include="Src\System\Shader\StandardShader">
      <UniqueIdentifier>{0a93a6dd-bb60-46dc-820f-6aea10b3b02f}</UniqueIdentifier>
    </Filter>
    <Filter Include="Src\Application">
      <UniqueIdentifier>{d0d0f9cf-dabd-4346-bc9a-d9c04cf42372}</UniqueIdentifier>
    </Filter>
    <Filter Include="Src\System\Audio">
      <UniqueIdentifier>{667d1cb1-5ae5-476f-acd5-14b7d294a95a}</UniqueIdentifier>
    </Filter>
    <Filter Include="Src\Application\Scene">
      <UniqueIdentifier>{eb92be49-e349-4042-9986-87d6f8c5d531}</UniqueIdentifier>
    </Filter>
    <Filter Include="Src\Application\Scene\Core">
      <UniqueIdentifier>{06edadf5-6e29-4d16-9dd3-f942d095c234}</UniqueIdentifier>
    </Filter>
    <Filter Include="Src\Application\Scene\Title">
      <UniqueIdentifier>{5bf2ac7a-2bfb-4705-8691-0783cdb78cda}</UniqueIdentifier>
    </Filter>
    <Filter Include="Src\Application\Scene\Result">
      <UniqueIdentifier>{b2b4438d-977c-48df-bff4-4c56157d73c3}</UniqueIdentifier>
    </Filter>
    <Filter Include="Src\System\Input">
      <UniqueIdentifier>{19bfa760-5b49-4a58-a812-5af963d1400b}</UniqueIdentifier>
    </Filter>
    <Filter Include="Src\System\Input\Mouse">
      <UniqueIdentifier>{e9786b97-6046-419b-a5e6-cacdd07554cf}</UniqueIdentifier>
    </Filter>
    <Filter Include="Src\System\Input\Keyboard">
      <UniqueIdentifier>{0525bd72-dc6c-4fb3-8042-78db8915a4ed}</UniqueIdentifier>
    </Filter>
    <Filter Include="Src\Application\Scene\GameMain">
      <UniqueIdentifier>{1a346268-bbe1-493f-867c-69a0c0a016b5}</UniqueIdentifier>
    </Filter>
    <Filter Include="Src\System\AssetManager">
      <UniqueIdentifier>{dfd9c53b-f1d1-4542-a829-4702aa7e356c}</UniqueIdentifier>
    </Filter>
    <Filter Include="Src\Application\GameObject">
      <UniqueIdentifier>{7956977a-d343-418d-9e79-22565b5f6109}</UniqueIdentifier>
    </Filter>
    <Filter Include="Src\Application\Chara">
      <UniqueIdentifier>{68b8f747-55ea-45fd-a93d-835ee850d2d0}</UniqueIdentifier>
    </Filter>
    <Filter Include="Src\Application\Enemy">
      <UniqueIdentifier>{86bcc2d0-86ed-44ce-a2c6-aeede10dcc75}</UniqueIdentifier>
    </Filter>
    <Filter Include="Src\Application\Enemy\Enemy1">
      <UniqueIdentifier>{f55435db-9cc6-4b4d-a9a0-4e3d5ce9767b}</UniqueIdentifier>
    </Filter>
    <Filter Include="Src\Application\Bullet">
      <UniqueIdentifier>{afa5ae43-71a7-4f76-8763-51e099358fea}</UniqueIdentifier>
    </Filter>
    <Filter Include="Src\Application\Bullet\StraightBullet">
      <UniqueIdentifier>{0881c851-58ef-4649-9544-3d35836a40a1}</UniqueIdentifier>
    </Filter>
    <Filter Include="Src\Application\Bullet\HomingBullet">
      <UniqueIdentifier>{de767505-041c-4411-975a-8ae20faa9860}</UniqueIdentifier>
    </Filter>
  </ItemGroup>
  <ItemGroup>
    <ClInclude Include="src\Pch.h">
      <Filter>Src</Filter>
    </ClInclude>
    <ClInclude Include="..\Library\imgui\imconfig.h">
      <Filter>Library\imgui</Filter>
    </ClInclude>
    <ClInclude Include="..\Library\imgui\imgui.h">
      <Filter>Library\imgui</Filter>
    </ClInclude>
    <ClInclude Include="..\Library\imgui\imgui_impl_dx11.h">
      <Filter>Library\imgui</Filter>
    </ClInclude>
    <ClInclude Include="..\Library\imgui\imgui_impl_win32.h">
      <Filter>Library\imgui</Filter>
    </ClInclude>
    <ClInclude Include="..\Library\imgui\imgui_internal.h">
      <Filter>Library\imgui</Filter>
    </ClInclude>
    <ClInclude Include="..\Library\imgui\imstb_rectpack.h">
      <Filter>Library\imgui</Filter>
    </ClInclude>
    <ClInclude Include="..\Library\imgui\imstb_textedit.h">
      <Filter>Library\imgui</Filter>
    </ClInclude>
    <ClInclude Include="..\Library\imgui\imstb_truetype.h">
      <Filter>Library\imgui</Filter>
    </ClInclude>
    <ClInclude Include="..\Library\imgui\ja_glyph_ranges.h">
      <Filter>Library\imgui</Filter>
    </ClInclude>
    <ClInclude Include="..\Library\tinygltf\json.hpp">
      <Filter>Library\tinygltf</Filter>
    </ClInclude>
    <ClInclude Include="..\Library\tinygltf\stb_image.h">
      <Filter>Library\tinygltf</Filter>
    </ClInclude>
    <ClInclude Include="..\Library\tinygltf\stb_image_write.h">
      <Filter>Library\tinygltf</Filter>
    </ClInclude>
    <ClInclude Include="..\Library\tinygltf\tiny_gltf.h">
      <Filter>Library\tinygltf</Filter>
    </ClInclude>
    <ClInclude Include="Src\Application\main.h">
      <Filter>Src\Application</Filter>
    </ClInclude>
    <ClInclude Include="src\System\Direct3D\KdDirect3D.h">
      <Filter>Src\System\Direct3D</Filter>
    </ClInclude>
    <ClInclude Include="src\System\Direct3D\KdModel.h">
      <Filter>Src\System\Direct3D</Filter>
    </ClInclude>
    <ClInclude Include="src\System\Direct3D\KdTexture.h">
      <Filter>Src\System\Direct3D</Filter>
    </ClInclude>
    <ClInclude Include="src\System\Direct3D\KdBuffer.h">
      <Filter>Src\System\Direct3D</Filter>
    </ClInclude>
    <ClInclude Include="Src\System\Direct3D\KdDirect3DHelper.h">
      <Filter>Src\System\Direct3D</Filter>
    </ClInclude>
    <ClInclude Include="Src\System\Audio\KdAudio.h">
      <Filter>Src\System\Audio</Filter>
    </ClInclude>
    <ClInclude Include="Src\System\Direct3D\KdGLTFLoader.h">
      <Filter>Src\System\Direct3D</Filter>
    </ClInclude>
    <ClInclude Include="Src\System\Shader\KdShaderManager.h">
      <Filter>Src\System\Shader</Filter>
    </ClInclude>
    <ClInclude Include="Src\System\Shader\EffectShader\KdEffectShader.h">
      <Filter>Src\System\Shader\EffectShader</Filter>
    </ClInclude>
    <ClInclude Include="Src\System\Shader\SpriteShader\KdSpriteShader.h">
      <Filter>Src\System\Shader\SpriteShader</Filter>
    </ClInclude>
    <ClInclude Include="Src\System\Shader\StandardShader\KdStandardShader.h">
      <Filter>Src\System\Shader\StandardShader</Filter>
    </ClInclude>
    <ClInclude Include="src\System\Utility\KdUtility.h">
      <Filter>Src\System\Utility</Filter>
    </ClInclude>
    <ClInclude Include="src\System\Window\KdGameWindow.h">
      <Filter>Src\System\Window</Filter>
    </ClInclude>
    <ClInclude Include="src\System\KdSystem.h">
      <Filter>Src\System</Filter>
    </ClInclude>
    <ClInclude Include="..\Library\strconv.h">
      <Filter>Library</Filter>
    </ClInclude>
    <ClInclude Include="Src\Application\Scene\SceneManager.h">
      <Filter>Src\Application\Scene</Filter>
    </ClInclude>
    <ClInclude Include="Src\Application\Scene\Core\SceneBase.h">
      <Filter>Src\Application\Scene\Core</Filter>
    </ClInclude>
    <ClInclude Include="Src\Application\Scene\Title\TitleScene.h">
      <Filter>Src\Application\Scene\Title</Filter>
    </ClInclude>
    <ClInclude Include="Src\Application\Scene\Result\ResultScene.h">
      <Filter>Src\Application\Scene\Result</Filter>
    </ClInclude>
    <ClInclude Include="Src\System\Input\InputManager.h">
      <Filter>Src\System\Input</Filter>
    </ClInclude>
    <ClInclude Include="Src\System\Input\Mouse\Mouse.h">
      <Filter>Src\System\Input\Mouse</Filter>
    </ClInclude>
    <ClInclude Include="Src\System\Input\Keyboard\Keyboard.h">
      <Filter>Src\System\Input\Keyboard</Filter>
    </ClInclude>
    <ClInclude Include="Src\System\Utility\MyUtility.h">
      <Filter>Src\System\Utility</Filter>
    </ClInclude>
    <ClInclude Include="Src\Application\Scene\TransitionController.h">
      <Filter>Src\Application\Scene</Filter>
    </ClInclude>
    <ClInclude Include="Src\Application\Scene\GameMain\GameScene.h">
      <Filter>Src\Application\Scene\GameMain</Filter>
    </ClInclude>
    <ClInclude Include="Src\System\AssetManager\AssetManager.h">
      <Filter>Src\System\AssetManager</Filter>
    </ClInclude>
    <ClInclude Include="Src\Application\GameObject\GameObjectBase.h">
      <Filter>Src\Application\GameObject</Filter>
    </ClInclude>
    <ClInclude Include="Src\Application\GameObject\HitBox.h">
      <Filter>Src\Application\GameObject</Filter>
    </ClInclude>
    <ClInclude Include="Src\Application\Bullet\BulletBase.h">
      <Filter>Src\Application\Bullet</Filter>
    </ClInclude>
    <ClInclude Include="Src\Application\Bullet\StraightBullet\StraightBullet.h">
      <Filter>Src\Application\Bullet\StraightBullet</Filter>
    </ClInclude>
    <ClInclude Include="Src\Application\Chara\PlayerConfig.h">
      <Filter>Src\Application\Chara</Filter>
    </ClInclude>
    <ClInclude Include="Src\Application\Chara\Player.h">
      <Filter>Src\Application\Chara</Filter>
    </ClInclude>
    <ClInclude Include="Src\Application\Chara\CharaBase.h">
      <Filter>Src\Application\Chara</Filter>
    </ClInclude>
    <ClInclude Include="Src\Application\Enemy\Enemy1\Enemy1.h">
      <Filter>Src\Application\Enemy\Enemy1</Filter>
    </ClInclude>
    <ClInclude Include="Src\Application\Enemy\Enemy1\Enemy1Config.h">
      <Filter>Src\Application\Enemy\Enemy1</Filter>
    </ClInclude>
    <ClInclude Include="Src\Application\Enemy\EnemyBase.h">
      <Filter>Src\Application\Enemy</Filter>
    </ClInclude>
    <ClInclude Include="Src\Application\Enemy\EnemyManager.h">
      <Filter>Src\Application\Enemy</Filter>
    </ClInclude>
    <ClInclude Include="Src\Application\Enemy\EnemySpawner.h">
      <Filter>Src\Application\Enemy</Filter>
    </ClInclude>
    <ClInclude Include="Src\Application\Bullet\BulletManager.h">
      <Filter>Src\Application\Bullet</Filter>
    </ClInclude>
    <ClInclude Include="Src\Application\Bullet\BulletConfig.h">
      <Filter>Src\Application\Bullet</Filter>
    </ClInclude>
    <ClInclude Include="Src\Application\Bullet\BulletOwner.h">
      <Filter>Src\Application\Bullet</Filter>
    </ClInclude>
    <ClInclude Include="Src\Application\Bullet\HomingBullet\HomingBullet.h">
      <Filter>Src\Application\Bullet\HomingBullet</Filter>
    </ClInclude>
    <ClInclude Include="Src\Application\Bullet\BulletType.h">
      <Filter>Src\Application\Bullet</Filter>
    </ClInclude>
  </ItemGroup>
  <ItemGroup>
    <ClCompile Include="src\Pch.cpp">
      <Filter>Src</Filter>
    </ClCompile>
    <ClCompile Include="..\Library\imgui\imgui.cpp">
      <Filter>Library\imgui</Filter>
    </ClCompile>
    <ClCompile Include="..\Library\imgui\imgui_demo.cpp">
      <Filter>Library\imgui</Filter>
    </ClCompile>
    <ClCompile Include="..\Library\imgui\imgui_draw.cpp">
      <Filter>Library\imgui</Filter>
    </ClCompile>
    <ClCompile Include="..\Library\imgui\imgui_impl_dx11.cpp">
      <Filter>Library\imgui</Filter>
    </ClCompile>
    <ClCompile Include="..\Library\imgui\imgui_impl_win32.cpp">
      <Filter>Library\imgui</Filter>
    </ClCompile>
    <ClCompile Include="..\Library\imgui\imgui_widgets.cpp">
      <Filter>Library\imgui</Filter>
    </ClCompile>
    <ClCompile Include="Src\Application\main.cpp">
      <Filter>Src\Application</Filter>
    </ClCompile>
    <ClCompile Include="src\System\Direct3D\KdDirect3D.cpp">
      <Filter>Src\System\Direct3D</Filter>
    </ClCompile>
    <ClCompile Include="src\System\Direct3D\KdModel.cpp">
      <Filter>Src\System\Direct3D</Filter>
    </ClCompile>
    <ClCompile Include="src\System\Direct3D\KdTexture.cpp">
      <Filter>Src\System\Direct3D</Filter>
    </ClCompile>
    <ClCompile Include="src\System\Direct3D\KdBuffer.cpp">
      <Filter>Src\System\Direct3D</Filter>
    </ClCompile>
    <ClCompile Include="Src\System\Direct3D\KdDirect3DHelper.cpp">
      <Filter>Src\System\Direct3D</Filter>
    </ClCompile>
    <ClCompile Include="Src\System\Audio\KdAudio.cpp">
      <Filter>Src\System\Audio</Filter>
    </ClCompile>
    <ClCompile Include="Src\System\Direct3D\KdGLTFLoader.cpp">
      <Filter>Src\System\Direct3D</Filter>
    </ClCompile>
    <ClCompile Include="Src\System\Shader\KdShaderManager.cpp">
      <Filter>Src\System\Shader</Filter>
    </ClCompile>
    <ClCompile Include="Src\System\Shader\EffectShader\KdEffectShader.cpp">
      <Filter>Src\System\Shader\EffectShader</Filter>
    </ClCompile>
    <ClCompile Include="Src\System\Shader\SpriteShader\KdSpriteShader.cpp">
      <Filter>Src\System\Shader\SpriteShader</Filter>
    </ClCompile>
    <ClCompile Include="Src\System\Shader\StandardShader\KdStandardShader.cpp">
      <Filter>Src\System\Shader\StandardShader</Filter>
    </ClCompile>
    <ClCompile Include="src\System\Window\KdGameWindow.cpp">
      <Filter>Src\System\Window</Filter>
    </ClCompile>
    <ClCompile Include="Src\Application\Scene\SceneManager.cpp">
      <Filter>Src\Application\Scene</Filter>
    </ClCompile>
    <ClCompile Include="Src\Application\Scene\Title\TitleScene.cpp">
      <Filter>Src\Application\Scene\Title</Filter>
    </ClCompile>
    <ClCompile Include="Src\Application\Scene\Result\ResultScene.cpp">
      <Filter>Src\Application\Scene\Result</Filter>
    </ClCompile>
    <ClCompile Include="Src\System\Input\InputManager.cpp">
      <Filter>Src\System\Input</Filter>
    </ClCompile>
    <ClCompile Include="Src\System\Input\Mouse\Mouse.cpp">
      <Filter>Src\System\Input\Mouse</Filter>
    </ClCompile>
    <ClCompile Include="Src\System\Input\Keyboard\Keyboard.cpp">
      <Filter>Src\System\Input\Keyboard</Filter>
    </ClCompile>
    <ClCompile Include="Src\Application\Scene\TransitionController.cpp">
      <Filter>Src\Application\Scene</Filter>
    </ClCompile>
    <ClCompile Include="Src\Application\Scene\GameMain\GameScene.cpp">
      <Filter>Src\Application\Scene\GameMain</Filter>
    </ClCompile>
    <ClCompile Include="Src\System\AssetManager\AssetManager.cpp">
      <Filter>Src\System\AssetManager</Filter>
    </ClCompile>
    <ClCompile Include="Src\Application\GameObject\GameObjectBase.cpp">
      <Filter>Src\Application\GameObject</Filter>
    </ClCompile>
    <ClCompile Include="Src\Application\Bullet\StraightBullet\StraightBullet.cpp">
      <Filter>Src\Application\Bullet\StraightBullet</Filter>
    </ClCompile>
    <ClCompile Include="Src\Application\Chara\Player.cpp">
      <Filter>Src\Application\Chara</Filter>
    </ClCompile>
    <ClCompile Include="Src\Application\Chara\CharaBase.cpp">
      <Filter>Src\Application\Chara</Filter>
    </ClCompile>
    <ClCompile Include="Src\Application\Enemy\Enemy1\Enemy1.cpp">
      <Filter>Src\Application\Enemy\Enemy1</Filter>
    </ClCompile>
    <ClCompile Include="Src\Application\Enemy\EnemyBase.cpp">
      <Filter>Src\Application\Enemy</Filter>
    </ClCompile>
    <ClCompile Include="Src\Application\Enemy\EnemyManager.cpp">
      <Filter>Src\Application\Enemy</Filter>
    </ClCompile>
    <ClCompile Include="Src\Application\Enemy\EnemySpawner.cpp">
      <Filter>Src\Application\Enemy</Filter>
    </ClCompile>
    <ClCompile Include="Src\Application\Bullet\BulletManager.cpp">
      <Filter>Src\Application\Bullet</Filter>
    </ClCompile>
    <ClCompile Include="Src\Application\Bullet\HomingBullet\HomingBullet.cpp">
      <Filter>Src\Application\Bullet\HomingBullet</Filter>
    </ClCompile>
  </ItemGroup>
  <ItemGroup>
    <Text Include="説明.txt" />
  </ItemGroup>
  <ItemGroup>
    <None Include="Src\System\Shader\EffectShader\inc_KdEffectShader.hlsli">
      <Filter>Src\System\Shader\EffectShader</Filter>
    </None>
    <None Include="Src\System\Shader\inc_KdCommon.hlsli">
      <Filter>Src\System\Shader</Filter>
    </None>
    <None Include="Src\System\Shader\SpriteShader\inc_KdSpriteShader.hlsli">
      <Filter>Src\System\Shader\SpriteShader</Filter>
    </None>
    <None Include="Src\System\Shader\StandardShader\inc_KdStandardShader.hlsli">
      <Filter>Src\System\Shader\StandardShader</Filter>
    </None>
  </ItemGroup>
  <ItemGroup>
    <FxCompile Include="Src\System\Shader\EffectShader\KdEffectShader_PS.hlsl">
      <Filter>Src\System\Shader\EffectShader</Filter>
    </FxCompile>
    <FxCompile Include="Src\System\Shader\EffectShader\KdEffectShader_VS.hlsl">
      <Filter>Src\System\Shader\EffectShader</Filter>
    </FxCompile>
    <FxCompile Include="Src\System\Shader\SpriteShader\KdSpriteShader_PS.hlsl">
      <Filter>Src\System\Shader\SpriteShader</Filter>
    </FxCompile>
    <FxCompile Include="Src\System\Shader\SpriteShader\KdSpriteShader_VS.hlsl">
      <Filter>Src\System\Shader\SpriteShader</Filter>
    </FxCompile>
    <FxCompile Include="Src\System\Shader\StandardShader\KdStandardShader_PS.hlsl">
      <Filter>Src\System\Shader\StandardShader</Filter>
    </FxCompile>
    <FxCompile Include="Src\System\Shader\StandardShader\KdStandardShader_VS.hlsl">
      <Filter>Src\System\Shader\StandardShader</Filter>
    </FxCompile>
  </ItemGroup>
</Project>